
Microsoft Visual Studio Solution File, Format Version 12.00
# Visual Studio Version 17
VisualStudioVersion = 17.0.31903.59
MinimumVisualStudioVersion = 10.0.40219.1
Project("{2150E333-8FDC-42A3-9474-1A3956D46DE8}") = "src", "src", "{827E0CD3-B72D-47B6-A68D-7590B98EB39B}"
EndProject
Project("{2150E333-8FDC-42A3-9474-1A3956D46DE8}") = "Common", "Common", "{BFF2DF6E-AA54-47C7-211F-79ACCBB4577C}"
EndProject
Project("{FAE04EC0-301F-11D3-BF4B-00C04F79EFBC}") = "JobTracker.Common.Application", "src\Common\JobTracker.Common.Application\JobTracker.Common.Application.csproj", "{D4B10F12-E32E-41DA-967F-97F20BDE13C0}"
EndProject
Project("{FAE04EC0-301F-11D3-BF4B-00C04F79EFBC}") = "JobTracker.Common.Domain", "src\Common\JobTracker.Common.Domain\JobTracker.Common.Domain.csproj", "{602CB78D-C7A8-4DAC-8A38-1F4F4829E723}"
EndProject
Project("{FAE04EC0-301F-11D3-BF4B-00C04F79EFBC}") = "JobTracker.Common.Infrastructure", "src\Common\JobTracker.Common.Infrastructure\JobTracker.Common.Infrastructure.csproj", "{9878183F-3414-4AD2-A005-EF72219592F1}"
EndProject
Project("{FAE04EC0-301F-11D3-BF4B-00C04F79EFBC}") = "JobTracker.Common.Presentation", "src\Common\JobTracker.Common.Presentation\JobTracker.Common.Presentation.csproj", "{88C78055-D26C-4D0C-B050-DDF1629F7192}"
EndProject
Project("{FAE04EC0-301F-11D3-BF4B-00C04F79EFBC}") = "JobTracker.Api", "src\JobTracker.Api\JobTracker.Api.csproj", "{C5E4C55A-F540-4989-A87A-F470734A5469}"
EndProject
Project("{2150E333-8FDC-42A3-9474-1A3956D46DE8}") = "Modules", "Modules", "{EC447DCF-ABFA-6E24-52A5-D7FD48A5C558}"
EndProject
Project("{2150E333-8FDC-42A3-9474-1A3956D46DE8}") = "Billing", "Billing", "{61DCC6D7-ECE4-129F-6A42-39B2DD414C68}"
EndProject
Project("{FAE04EC0-301F-11D3-BF4B-00C04F79EFBC}") = "JobTracker.Modules.Billing.Application", "src\Modules\Billing\JobTracker.Modules.Billing.Application\JobTracker.Modules.Billing.Application.csproj", "{52E49634-D534-4511-A19A-3E3ACDD73AF0}"
EndProject
Project("{FAE04EC0-301F-11D3-BF4B-00C04F79EFBC}") = "JobTracker.Modules.Billing.Domain", "src\Modules\Billing\JobTracker.Modules.Billing.Domain\JobTracker.Modules.Billing.Domain.csproj", "{B85C1FC5-DCC4-4828-AAE0-09BBAB1948B3}"
EndProject
Project("{FAE04EC0-301F-11D3-BF4B-00C04F79EFBC}") = "JobTracker.Modules.Billing.Infrastructure", "src\Modules\Billing\JobTracker.Modules.Billing.Infrastructure\JobTracker.Modules.Billing.Infrastructure.csproj", "{7B05B895-D88D-4683-BD04-0F710B90E26C}"
EndProject
Project("{FAE04EC0-301F-11D3-BF4B-00C04F79EFBC}") = "JobTracker.Modules.Billing.IntegrationEvents", "src\Modules\Billing\JobTracker.Modules.Billing.IntegrationEvents\JobTracker.Modules.Billing.IntegrationEvents.csproj", "{BA3B30A6-0971-4A90-B389-F8FD924748D5}"
EndProject
Project("{2150E333-8FDC-42A3-9474-1A3956D46DE8}") = "Jobs", "Jobs", "{72D90D98-2977-7949-81F5-CA55A7205F48}"
EndProject
Project("{FAE04EC0-301F-11D3-BF4B-00C04F79EFBC}") = "JobTracker.Modules.Jobs.Application", "src\Modules\Jobs\JobTracker.Modules.Jobs.Application\JobTracker.Modules.Jobs.Application.csproj", "{ED6F7FAA-BA58-4C9A-98F2-EEA92700C31E}"
EndProject
Project("{FAE04EC0-301F-11D3-BF4B-00C04F79EFBC}") = "JobTracker.Modules.Jobs.Domain", "src\Modules\Jobs\JobTracker.Modules.Jobs.Domain\JobTracker.Modules.Jobs.Domain.csproj", "{46BCE06B-5458-4C5D-800F-BA42C3A49BE7}"
EndProject
Project("{FAE04EC0-301F-11D3-BF4B-00C04F79EFBC}") = "JobTracker.Modules.Jobs.Infrastructure", "src\Modules\Jobs\JobTracker.Modules.Jobs.Infrastructure\JobTracker.Modules.Jobs.Infrastructure.csproj", "{E220C2D7-EB98-4D0F-88A2-28872C08D678}"
EndProject
Project("{FAE04EC0-301F-11D3-BF4B-00C04F79EFBC}") = "JobTracker.Modules.Jobs.IntegrationEvents", "src\Modules\Jobs\JobTracker.Modules.Jobs.IntegrationEvents\JobTracker.Modules.Jobs.IntegrationEvents.csproj", "{D514525D-C0F9-4611-91ED-62749D149BF4}"
EndProject
Project("{FAE04EC0-301F-11D3-BF4B-00C04F79EFBC}") = "JobTracker.Modules.Jobs.Presentation", "src\Modules\Jobs\JobTracker.Modules.Jobs.Presentation\JobTracker.Modules.Jobs.Presentation.csproj", "{654BED33-EB2D-4E46-9ADA-E0B3D190A80D}"
EndProject
Project("{2150E333-8FDC-42A3-9474-1A3956D46DE8}") = "tests", "tests", "{0AB3BF05-4346-4AA6-1389-037BE0695223}"
EndProject
Project("{FAE04EC0-301F-11D3-BF4B-00C04F79EFBC}") = "JobTracker.ArchitectureTests", "tests\JobTracker.ArchitectureTests\JobTracker.ArchitectureTests.csproj", "{AA10DEE3-E99C-469E-96D9-DE8EF374C97A}"
EndProject
Project("{FAE04EC0-301F-11D3-BF4B-00C04F79EFBC}") = "JobTracker.Jobs.Application.UnitTests", "tests\JobTracker.Jobs.Application.UnitTests\JobTracker.Jobs.Application.UnitTests.csproj", "{CF662BAA-7B0B-4226-9182-FC483E2C760B}"
EndProject
Project("{FAE04EC0-301F-11D3-BF4B-00C04F79EFBC}") = "JobTracker.Jobs.Domain.UnitTests", "tests\JobTracker.Jobs.Domain.UnitTests\JobTracker.Jobs.Domain.UnitTests.csproj", "{CE6D5997-2793-4B7B-9EE8-F89C8C3E2BD8}"
EndProject
Global
	GlobalSection(SolutionConfigurationPlatforms) = preSolution
		Debug|Any CPU = Debug|Any CPU
		Debug|x64 = Debug|x64
		Debug|x86 = Debug|x86
		Release|Any CPU = Release|Any CPU
		Release|x64 = Release|x64
		Release|x86 = Release|x86
	EndGlobalSection
	GlobalSection(ProjectConfigurationPlatforms) = postSolution
		{D4B10F12-E32E-41DA-967F-97F20BDE13C0}.Debug|Any CPU.ActiveCfg = Debug|Any CPU
		{D4B10F12-E32E-41DA-967F-97F20BDE13C0}.Debug|Any CPU.Build.0 = Debug|Any CPU
		{D4B10F12-E32E-41DA-967F-97F20BDE13C0}.Debug|x64.ActiveCfg = Debug|Any CPU
		{D4B10F12-E32E-41DA-967F-97F20BDE13C0}.Debug|x64.Build.0 = Debug|Any CPU
		{D4B10F12-E32E-41DA-967F-97F20BDE13C0}.Debug|x86.ActiveCfg = Debug|Any CPU
		{D4B10F12-E32E-41DA-967F-97F20BDE13C0}.Debug|x86.Build.0 = Debug|Any CPU
		{D4B10F12-E32E-41DA-967F-97F20BDE13C0}.Release|Any CPU.ActiveCfg = Release|Any CPU
		{D4B10F12-E32E-41DA-967F-97F20BDE13C0}.Release|Any CPU.Build.0 = Release|Any CPU
		{D4B10F12-E32E-41DA-967F-97F20BDE13C0}.Release|x64.ActiveCfg = Release|Any CPU
		{D4B10F12-E32E-41DA-967F-97F20BDE13C0}.Release|x64.Build.0 = Release|Any CPU
		{D4B10F12-E32E-41DA-967F-97F20BDE13C0}.Release|x86.ActiveCfg = Release|Any CPU
		{D4B10F12-E32E-41DA-967F-97F20BDE13C0}.Release|x86.Build.0 = Release|Any CPU
		{602CB78D-C7A8-4DAC-8A38-1F4F4829E723}.Debug|Any CPU.ActiveCfg = Debug|Any CPU
		{602CB78D-C7A8-4DAC-8A38-1F4F4829E723}.Debug|Any CPU.Build.0 = Debug|Any CPU
		{602CB78D-C7A8-4DAC-8A38-1F4F4829E723}.Debug|x64.ActiveCfg = Debug|Any CPU
		{602CB78D-C7A8-4DAC-8A38-1F4F4829E723}.Debug|x64.Build.0 = Debug|Any CPU
		{602CB78D-C7A8-4DAC-8A38-1F4F4829E723}.Debug|x86.ActiveCfg = Debug|Any CPU
		{602CB78D-C7A8-4DAC-8A38-1F4F4829E723}.Debug|x86.Build.0 = Debug|Any CPU
		{602CB78D-C7A8-4DAC-8A38-1F4F4829E723}.Release|Any CPU.ActiveCfg = Release|Any CPU
		{602CB78D-C7A8-4DAC-8A38-1F4F4829E723}.Release|Any CPU.Build.0 = Release|Any CPU
		{602CB78D-C7A8-4DAC-8A38-1F4F4829E723}.Release|x64.ActiveCfg = Release|Any CPU
		{602CB78D-C7A8-4DAC-8A38-1F4F4829E723}.Release|x64.Build.0 = Release|Any CPU
		{602CB78D-C7A8-4DAC-8A38-1F4F4829E723}.Release|x86.ActiveCfg = Release|Any CPU
		{602CB78D-C7A8-4DAC-8A38-1F4F4829E723}.Release|x86.Build.0 = Release|Any CPU
		{9878183F-3414-4AD2-A005-EF72219592F1}.Debug|Any CPU.ActiveCfg = Debug|Any CPU
		{9878183F-3414-4AD2-A005-EF72219592F1}.Debug|Any CPU.Build.0 = Debug|Any CPU
		{9878183F-3414-4AD2-A005-EF72219592F1}.Debug|x64.ActiveCfg = Debug|Any CPU
		{9878183F-3414-4AD2-A005-EF72219592F1}.Debug|x64.Build.0 = Debug|Any CPU
		{9878183F-3414-4AD2-A005-EF72219592F1}.Debug|x86.ActiveCfg = Debug|Any CPU
		{9878183F-3414-4AD2-A005-EF72219592F1}.Debug|x86.Build.0 = Debug|Any CPU
		{9878183F-3414-4AD2-A005-EF72219592F1}.Release|Any CPU.ActiveCfg = Release|Any CPU
		{9878183F-3414-4AD2-A005-EF72219592F1}.Release|Any CPU.Build.0 = Release|Any CPU
		{9878183F-3414-4AD2-A005-EF72219592F1}.Release|x64.ActiveCfg = Release|Any CPU
		{9878183F-3414-4AD2-A005-EF72219592F1}.Release|x64.Build.0 = Release|Any CPU
		{9878183F-3414-4AD2-A005-EF72219592F1}.Release|x86.ActiveCfg = Release|Any CPU
		{9878183F-3414-4AD2-A005-EF72219592F1}.Release|x86.Build.0 = Release|Any CPU
		{88C78055-D26C-4D0C-B050-DDF1629F7192}.Debug|Any CPU.ActiveCfg = Debug|Any CPU
		{88C78055-D26C-4D0C-B050-DDF1629F7192}.Debug|Any CPU.Build.0 = Debug|Any CPU
		{88C78055-D26C-4D0C-B050-DDF1629F7192}.Debug|x64.ActiveCfg = Debug|Any CPU
		{88C78055-D26C-4D0C-B050-DDF1629F7192}.Debug|x64.Build.0 = Debug|Any CPU
		{88C78055-D26C-4D0C-B050-DDF1629F7192}.Debug|x86.ActiveCfg = Debug|Any CPU
		{88C78055-D26C-4D0C-B050-DDF1629F7192}.Debug|x86.Build.0 = Debug|Any CPU
		{88C78055-D26C-4D0C-B050-DDF1629F7192}.Release|Any CPU.ActiveCfg = Release|Any CPU
		{88C78055-D26C-4D0C-B050-DDF1629F7192}.Release|Any CPU.Build.0 = Release|Any CPU
		{88C78055-D26C-4D0C-B050-DDF1629F7192}.Release|x64.ActiveCfg = Release|Any CPU
		{88C78055-D26C-4D0C-B050-DDF1629F7192}.Release|x64.Build.0 = Release|Any CPU
		{88C78055-D26C-4D0C-B050-DDF1629F7192}.Release|x86.ActiveCfg = Release|Any CPU
		{88C78055-D26C-4D0C-B050-DDF1629F7192}.Release|x86.Build.0 = Release|Any CPU
		{C5E4C55A-F540-4989-A87A-F470734A5469}.Debug|Any CPU.ActiveCfg = Debug|Any CPU
		{C5E4C55A-F540-4989-A87A-F470734A5469}.Debug|Any CPU.Build.0 = Debug|Any CPU
		{C5E4C55A-F540-4989-A87A-F470734A5469}.Debug|x64.ActiveCfg = Debug|Any CPU
		{C5E4C55A-F540-4989-A87A-F470734A5469}.Debug|x64.Build.0 = Debug|Any CPU
		{C5E4C55A-F540-4989-A87A-F470734A5469}.Debug|x86.ActiveCfg = Debug|Any CPU
		{C5E4C55A-F540-4989-A87A-F470734A5469}.Debug|x86.Build.0 = Debug|Any CPU
		{C5E4C55A-F540-4989-A87A-F470734A5469}.Release|Any CPU.ActiveCfg = Release|Any CPU
		{C5E4C55A-F540-4989-A87A-F470734A5469}.Release|Any CPU.Build.0 = Release|Any CPU
		{C5E4C55A-F540-4989-A87A-F470734A5469}.Release|x64.ActiveCfg = Release|Any CPU
		{C5E4C55A-F540-4989-A87A-F470734A5469}.Release|x64.Build.0 = Release|Any CPU
		{C5E4C55A-F540-4989-A87A-F470734A5469}.Release|x86.ActiveCfg = Release|Any CPU
		{C5E4C55A-F540-4989-A87A-F470734A5469}.Release|x86.Build.0 = Release|Any CPU
		{52E49634-D534-4511-A19A-3E3ACDD73AF0}.Debug|Any CPU.ActiveCfg = Debug|Any CPU
		{52E49634-D534-4511-A19A-3E3ACDD73AF0}.Debug|Any CPU.Build.0 = Debug|Any CPU
		{52E49634-D534-4511-A19A-3E3ACDD73AF0}.Debug|x64.ActiveCfg = Debug|Any CPU
		{52E49634-D534-4511-A19A-3E3ACDD73AF0}.Debug|x64.Build.0 = Debug|Any CPU
		{52E49634-D534-4511-A19A-3E3ACDD73AF0}.Debug|x86.ActiveCfg = Debug|Any CPU
		{52E49634-D534-4511-A19A-3E3ACDD73AF0}.Debug|x86.Build.0 = Debug|Any CPU
		{52E49634-D534-4511-A19A-3E3ACDD73AF0}.Release|Any CPU.ActiveCfg = Release|Any CPU
		{52E49634-D534-4511-A19A-3E3ACDD73AF0}.Release|Any CPU.Build.0 = Release|Any CPU
		{52E49634-D534-4511-A19A-3E3ACDD73AF0}.Release|x64.ActiveCfg = Release|Any CPU
		{52E49634-D534-4511-A19A-3E3ACDD73AF0}.Release|x64.Build.0 = Release|Any CPU
		{52E49634-D534-4511-A19A-3E3ACDD73AF0}.Release|x86.ActiveCfg = Release|Any CPU
		{52E49634-D534-4511-A19A-3E3ACDD73AF0}.Release|x86.Build.0 = Release|Any CPU
		{B85C1FC5-DCC4-4828-AAE0-09BBAB1948B3}.Debug|Any CPU.ActiveCfg = Debug|Any CPU
		{B85C1FC5-DCC4-4828-AAE0-09BBAB1948B3}.Debug|Any CPU.Build.0 = Debug|Any CPU
		{B85C1FC5-DCC4-4828-AAE0-09BBAB1948B3}.Debug|x64.ActiveCfg = Debug|Any CPU
		{B85C1FC5-DCC4-4828-AAE0-09BBAB1948B3}.Debug|x64.Build.0 = Debug|Any CPU
		{B85C1FC5-DCC4-4828-AAE0-09BBAB1948B3}.Debug|x86.ActiveCfg = Debug|Any CPU
		{B85C1FC5-DCC4-4828-AAE0-09BBAB1948B3}.Debug|x86.Build.0 = Debug|Any CPU
		{B85C1FC5-DCC4-4828-AAE0-09BBAB1948B3}.Release|Any CPU.ActiveCfg = Release|Any CPU
		{B85C1FC5-DCC4-4828-AAE0-09BBAB1948B3}.Release|Any CPU.Build.0 = Release|Any CPU
		{B85C1FC5-DCC4-4828-AAE0-09BBAB1948B3}.Release|x64.ActiveCfg = Release|Any CPU
		{B85C1FC5-DCC4-4828-AAE0-09BBAB1948B3}.Release|x64.Build.0 = Release|Any CPU
		{B85C1FC5-DCC4-4828-AAE0-09BBAB1948B3}.Release|x86.ActiveCfg = Release|Any CPU
		{B85C1FC5-DCC4-4828-AAE0-09BBAB1948B3}.Release|x86.Build.0 = Release|Any CPU
		{7B05B895-D88D-4683-BD04-0F710B90E26C}.Debug|Any CPU.ActiveCfg = Debug|Any CPU
		{7B05B895-D88D-4683-BD04-0F710B90E26C}.Debug|Any CPU.Build.0 = Debug|Any CPU
		{7B05B895-D88D-4683-BD04-0F710B90E26C}.Debug|x64.ActiveCfg = Debug|Any CPU
		{7B05B895-D88D-4683-BD04-0F710B90E26C}.Debug|x64.Build.0 = Debug|Any CPU
		{7B05B895-D88D-4683-BD04-0F710B90E26C}.Debug|x86.ActiveCfg = Debug|Any CPU
		{7B05B895-D88D-4683-BD04-0F710B90E26C}.Debug|x86.Build.0 = Debug|Any CPU
		{7B05B895-D88D-4683-BD04-0F710B90E26C}.Release|Any CPU.ActiveCfg = Release|Any CPU
		{7B05B895-D88D-4683-BD04-0F710B90E26C}.Release|Any CPU.Build.0 = Release|Any CPU
		{7B05B895-D88D-4683-BD04-0F710B90E26C}.Release|x64.ActiveCfg = Release|Any CPU
		{7B05B895-D88D-4683-BD04-0F710B90E26C}.Release|x64.Build.0 = Release|Any CPU
		{7B05B895-D88D-4683-BD04-0F710B90E26C}.Release|x86.ActiveCfg = Release|Any CPU
		{7B05B895-D88D-4683-BD04-0F710B90E26C}.Release|x86.Build.0 = Release|Any CPU
		{BA3B30A6-0971-4A90-B389-F8FD924748D5}.Debug|Any CPU.ActiveCfg = Debug|Any CPU
		{BA3B30A6-0971-4A90-B389-F8FD924748D5}.Debug|Any CPU.Build.0 = Debug|Any CPU
		{BA3B30A6-0971-4A90-B389-F8FD924748D5}.Debug|x64.ActiveCfg = Debug|Any CPU
		{BA3B30A6-0971-4A90-B389-F8FD924748D5}.Debug|x64.Build.0 = Debug|Any CPU
		{BA3B30A6-0971-4A90-B389-F8FD924748D5}.Debug|x86.ActiveCfg = Debug|Any CPU
		{BA3B30A6-0971-4A90-B389-F8FD924748D5}.Debug|x86.Build.0 = Debug|Any CPU
		{BA3B30A6-0971-4A90-B389-F8FD924748D5}.Release|Any CPU.ActiveCfg = Release|Any CPU
		{BA3B30A6-0971-4A90-B389-F8FD924748D5}.Release|Any CPU.Build.0 = Release|Any CPU
		{BA3B30A6-0971-4A90-B389-F8FD924748D5}.Release|x64.ActiveCfg = Release|Any CPU
		{BA3B30A6-0971-4A90-B389-F8FD924748D5}.Release|x64.Build.0 = Release|Any CPU
		{BA3B30A6-0971-4A90-B389-F8FD924748D5}.Release|x86.ActiveCfg = Release|Any CPU
		{BA3B30A6-0971-4A90-B389-F8FD924748D5}.Release|x86.Build.0 = Release|Any CPU
		{ED6F7FAA-BA58-4C9A-98F2-EEA92700C31E}.Debug|Any CPU.ActiveCfg = Debug|Any CPU
		{ED6F7FAA-BA58-4C9A-98F2-EEA92700C31E}.Debug|Any CPU.Build.0 = Debug|Any CPU
		{ED6F7FAA-BA58-4C9A-98F2-EEA92700C31E}.Debug|x64.ActiveCfg = Debug|Any CPU
		{ED6F7FAA-BA58-4C9A-98F2-EEA92700C31E}.Debug|x64.Build.0 = Debug|Any CPU
		{ED6F7FAA-BA58-4C9A-98F2-EEA92700C31E}.Debug|x86.ActiveCfg = Debug|Any CPU
		{ED6F7FAA-BA58-4C9A-98F2-EEA92700C31E}.Debug|x86.Build.0 = Debug|Any CPU
		{ED6F7FAA-BA58-4C9A-98F2-EEA92700C31E}.Release|Any CPU.ActiveCfg = Release|Any CPU
		{ED6F7FAA-BA58-4C9A-98F2-EEA92700C31E}.Release|Any CPU.Build.0 = Release|Any CPU
		{ED6F7FAA-BA58-4C9A-98F2-EEA92700C31E}.Release|x64.ActiveCfg = Release|Any CPU
		{ED6F7FAA-BA58-4C9A-98F2-EEA92700C31E}.Release|x64.Build.0 = Release|Any CPU
		{ED6F7FAA-BA58-4C9A-98F2-EEA92700C31E}.Release|x86.ActiveCfg = Release|Any CPU
		{ED6F7FAA-BA58-4C9A-98F2-EEA92700C31E}.Release|x86.Build.0 = Release|Any CPU
		{46BCE06B-5458-4C5D-800F-BA42C3A49BE7}.Debug|Any CPU.ActiveCfg = Debug|Any CPU
		{46BCE06B-5458-4C5D-800F-BA42C3A49BE7}.Debug|Any CPU.Build.0 = Debug|Any CPU
		{46BCE06B-5458-4C5D-800F-BA42C3A49BE7}.Debug|x64.ActiveCfg = Debug|Any CPU
		{46BCE06B-5458-4C5D-800F-BA42C3A49BE7}.Debug|x64.Build.0 = Debug|Any CPU
		{46BCE06B-5458-4C5D-800F-BA42C3A49BE7}.Debug|x86.ActiveCfg = Debug|Any CPU
		{46BCE06B-5458-4C5D-800F-BA42C3A49BE7}.Debug|x86.Build.0 = Debug|Any CPU
		{46BCE06B-5458-4C5D-800F-BA42C3A49BE7}.Release|Any CPU.ActiveCfg = Release|Any CPU
		{46BCE06B-5458-4C5D-800F-BA42C3A49BE7}.Release|Any CPU.Build.0 = Release|Any CPU
		{46BCE06B-5458-4C5D-800F-BA42C3A49BE7}.Release|x64.ActiveCfg = Release|Any CPU
		{46BCE06B-5458-4C5D-800F-BA42C3A49BE7}.Release|x64.Build.0 = Release|Any CPU
		{46BCE06B-5458-4C5D-800F-BA42C3A49BE7}.Release|x86.ActiveCfg = Release|Any CPU
		{46BCE06B-5458-4C5D-800F-BA42C3A49BE7}.Release|x86.Build.0 = Release|Any CPU
		{E220C2D7-EB98-4D0F-88A2-28872C08D678}.Debug|Any CPU.ActiveCfg = Debug|Any CPU
		{E220C2D7-EB98-4D0F-88A2-28872C08D678}.Debug|Any CPU.Build.0 = Debug|Any CPU
		{E220C2D7-EB98-4D0F-88A2-28872C08D678}.Debug|x64.ActiveCfg = Debug|Any CPU
		{E220C2D7-EB98-4D0F-88A2-28872C08D678}.Debug|x64.Build.0 = Debug|Any CPU
		{E220C2D7-EB98-4D0F-88A2-28872C08D678}.Debug|x86.ActiveCfg = Debug|Any CPU
		{E220C2D7-EB98-4D0F-88A2-28872C08D678}.Debug|x86.Build.0 = Debug|Any CPU
		{E220C2D7-EB98-4D0F-88A2-28872C08D678}.Release|Any CPU.ActiveCfg = Release|Any CPU
		{E220C2D7-EB98-4D0F-88A2-28872C08D678}.Release|Any CPU.Build.0 = Release|Any CPU
		{E220C2D7-EB98-4D0F-88A2-28872C08D678}.Release|x64.ActiveCfg = Release|Any CPU
		{E220C2D7-EB98-4D0F-88A2-28872C08D678}.Release|x64.Build.0 = Release|Any CPU
		{E220C2D7-EB98-4D0F-88A2-28872C08D678}.Release|x86.ActiveCfg = Release|Any CPU
		{E220C2D7-EB98-4D0F-88A2-28872C08D678}.Release|x86.Build.0 = Release|Any CPU
		{D514525D-C0F9-4611-91ED-62749D149BF4}.Debug|Any CPU.ActiveCfg = Debug|Any CPU
		{D514525D-C0F9-4611-91ED-62749D149BF4}.Debug|Any CPU.Build.0 = Debug|Any CPU
		{D514525D-C0F9-4611-91ED-62749D149BF4}.Debug|x64.ActiveCfg = Debug|Any CPU
		{D514525D-C0F9-4611-91ED-62749D149BF4}.Debug|x64.Build.0 = Debug|Any CPU
		{D514525D-C0F9-4611-91ED-62749D149BF4}.Debug|x86.ActiveCfg = Debug|Any CPU
		{D514525D-C0F9-4611-91ED-62749D149BF4}.Debug|x86.Build.0 = Debug|Any CPU
		{D514525D-C0F9-4611-91ED-62749D149BF4}.Release|Any CPU.ActiveCfg = Release|Any CPU
		{D514525D-C0F9-4611-91ED-62749D149BF4}.Release|Any CPU.Build.0 = Release|Any CPU
		{D514525D-C0F9-4611-91ED-62749D149BF4}.Release|x64.ActiveCfg = Release|Any CPU
		{D514525D-C0F9-4611-91ED-62749D149BF4}.Release|x64.Build.0 = Release|Any CPU
		{D514525D-C0F9-4611-91ED-62749D149BF4}.Release|x86.ActiveCfg = Release|Any CPU
		{D514525D-C0F9-4611-91ED-62749D149BF4}.Release|x86.Build.0 = Release|Any CPU
		{654BED33-EB2D-4E46-9ADA-E0B3D190A80D}.Debug|Any CPU.ActiveCfg = Debug|Any CPU
		{654BED33-EB2D-4E46-9ADA-E0B3D190A80D}.Debug|Any CPU.Build.0 = Debug|Any CPU
		{654BED33-EB2D-4E46-9ADA-E0B3D190A80D}.Debug|x64.ActiveCfg = Debug|Any CPU
		{654BED33-EB2D-4E46-9ADA-E0B3D190A80D}.Debug|x64.Build.0 = Debug|Any CPU
		{654BED33-EB2D-4E46-9ADA-E0B3D190A80D}.Debug|x86.ActiveCfg = Debug|Any CPU
		{654BED33-EB2D-4E46-9ADA-E0B3D190A80D}.Debug|x86.Build.0 = Debug|Any CPU
		{654BED33-EB2D-4E46-9ADA-E0B3D190A80D}.Release|Any CPU.ActiveCfg = Release|Any CPU
		{654BED33-EB2D-4E46-9ADA-E0B3D190A80D}.Release|Any CPU.Build.0 = Release|Any CPU
		{654BED33-EB2D-4E46-9ADA-E0B3D190A80D}.Release|x64.ActiveCfg = Release|Any CPU
		{654BED33-EB2D-4E46-9ADA-E0B3D190A80D}.Release|x64.Build.0 = Release|Any CPU
		{654BED33-EB2D-4E46-9ADA-E0B3D190A80D}.Release|x86.ActiveCfg = Release|Any CPU
		{654BED33-EB2D-4E46-9ADA-E0B3D190A80D}.Release|x86.Build.0 = Release|Any CPU
		{AA10DEE3-E99C-469E-96D9-DE8EF374C97A}.Debug|Any CPU.ActiveCfg = Debug|Any CPU
		{AA10DEE3-E99C-469E-96D9-DE8EF374C97A}.Debug|Any CPU.Build.0 = Debug|Any CPU
		{AA10DEE3-E99C-469E-96D9-DE8EF374C97A}.Debug|x64.ActiveCfg = Debug|Any CPU
		{AA10DEE3-E99C-469E-96D9-DE8EF374C97A}.Debug|x64.Build.0 = Debug|Any CPU
		{AA10DEE3-E99C-469E-96D9-DE8EF374C97A}.Debug|x86.ActiveCfg = Debug|Any CPU
		{AA10DEE3-E99C-469E-96D9-DE8EF374C97A}.Debug|x86.Build.0 = Debug|Any CPU
		{AA10DEE3-E99C-469E-96D9-DE8EF374C97A}.Release|Any CPU.ActiveCfg = Release|Any CPU
		{AA10DEE3-E99C-469E-96D9-DE8EF374C97A}.Release|Any CPU.Build.0 = Release|Any CPU
		{AA10DEE3-E99C-469E-96D9-DE8EF374C97A}.Release|x64.ActiveCfg = Release|Any CPU
		{AA10DEE3-E99C-469E-96D9-DE8EF374C97A}.Release|x64.Build.0 = Release|Any CPU
		{AA10DEE3-E99C-469E-96D9-DE8EF374C97A}.Release|x86.ActiveCfg = Release|Any CPU
		{AA10DEE3-E99C-469E-96D9-DE8EF374C97A}.Release|x86.Build.0 = Release|Any CPU
		{CF662BAA-7B0B-4226-9182-FC483E2C760B}.Debug|Any CPU.ActiveCfg = Debug|Any CPU
		{CF662BAA-7B0B-4226-9182-FC483E2C760B}.Debug|Any CPU.Build.0 = Debug|Any CPU
		{CF662BAA-7B0B-4226-9182-FC483E2C760B}.Debug|x64.ActiveCfg = Debug|Any CPU
		{CF662BAA-7B0B-4226-9182-FC483E2C760B}.Debug|x64.Build.0 = Debug|Any CPU
		{CF662BAA-7B0B-4226-9182-FC483E2C760B}.Debug|x86.ActiveCfg = Debug|Any CPU
		{CF662BAA-7B0B-4226-9182-FC483E2C760B}.Debug|x86.Build.0 = Debug|Any CPU
		{CF662BAA-7B0B-4226-9182-FC483E2C760B}.Release|Any CPU.ActiveCfg = Release|Any CPU
		{CF662BAA-7B0B-4226-9182-FC483E2C760B}.Release|Any CPU.Build.0 = Release|Any CPU
		{CF662BAA-7B0B-4226-9182-FC483E2C760B}.Release|x64.ActiveCfg = Release|Any CPU
		{CF662BAA-7B0B-4226-9182-FC483E2C760B}.Release|x64.Build.0 = Release|Any CPU
		{CF662BAA-7B0B-4226-9182-FC483E2C760B}.Release|x86.ActiveCfg = Release|Any CPU
		{CF662BAA-7B0B-4226-9182-FC483E2C760B}.Release|x86.Build.0 = Release|Any CPU
		{CE6D5997-2793-4B7B-9EE8-F89C8C3E2BD8}.Debug|Any CPU.ActiveCfg = Debug|Any CPU
		{CE6D5997-2793-4B7B-9EE8-F89C8C3E2BD8}.Debug|Any CPU.Build.0 = Debug|Any CPU
		{CE6D5997-2793-4B7B-9EE8-F89C8C3E2BD8}.Debug|x64.ActiveCfg = Debug|Any CPU
		{CE6D5997-2793-4B7B-9EE8-F89C8C3E2BD8}.Debug|x64.Build.0 = Debug|Any CPU
		{CE6D5997-2793-4B7B-9EE8-F89C8C3E2BD8}.Debug|x86.ActiveCfg = Debug|Any CPU
		{CE6D5997-2793-4B7B-9EE8-F89C8C3E2BD8}.Debug|x86.Build.0 = Debug|Any CPU
		{CE6D5997-2793-4B7B-9EE8-F89C8C3E2BD8}.Release|Any CPU.ActiveCfg = Release|Any CPU
		{CE6D5997-2793-4B7B-9EE8-F89C8C3E2BD8}.Release|Any CPU.Build.0 = Release|Any CPU
		{CE6D5997-2793-4B7B-9EE8-F89C8C3E2BD8}.Release|x64.ActiveCfg = Release|Any CPU
		{CE6D5997-2793-4B7B-9EE8-F89C8C3E2BD8}.Release|x64.Build.0 = Release|Any CPU
		{CE6D5997-2793-4B7B-9EE8-F89C8C3E2BD8}.Release|x86.ActiveCfg = Release|Any CPU
		{CE6D5997-2793-4B7B-9EE8-F89C8C3E2BD8}.Release|x86.Build.0 = Release|Any CPU
	EndGlobalSection
	GlobalSection(SolutionProperties) = preSolution
		HideSolutionNode = FALSE
	EndGlobalSection
	GlobalSection(NestedProjects) = preSolution
		{BFF2DF6E-AA54-47C7-211F-79ACCBB4577C} = {827E0CD3-B72D-47B6-A68D-7590B98EB39B}
		{D4B10F12-E32E-41DA-967F-97F20BDE13C0} = {BFF2DF6E-AA54-47C7-211F-79ACCBB4577C}
		{602CB78D-C7A8-4DAC-8A38-1F4F4829E723} = {BFF2DF6E-AA54-47C7-211F-79ACCBB4577C}
		{9878183F-3414-4AD2-A005-EF72219592F1} = {BFF2DF6E-AA54-47C7-211F-79ACCBB4577C}
		{88C78055-D26C-4D0C-B050-DDF1629F7192} = {BFF2DF6E-AA54-47C7-211F-79ACCBB4577C}
		{C5E4C55A-F540-4989-A87A-F470734A5469} = {827E0CD3-B72D-47B6-A68D-7590B98EB39B}
		{EC447DCF-ABFA-6E24-52A5-D7FD48A5C558} = {827E0CD3-B72D-47B6-A68D-7590B98EB39B}
		{61DCC6D7-ECE4-129F-6A42-39B2DD414C68} = {EC447DCF-ABFA-6E24-52A5-D7FD48A5C558}
		{52E49634-D534-4511-A19A-3E3ACDD73AF0} = {61DCC6D7-ECE4-129F-6A42-39B2DD414C68}
		{B85C1FC5-DCC4-4828-AAE0-09BBAB1948B3} = {61DCC6D7-ECE4-129F-6A42-39B2DD414C68}
		{7B05B895-D88D-4683-BD04-0F710B90E26C} = {61DCC6D7-ECE4-129F-6A42-39B2DD414C68}
		{BA3B30A6-0971-4A90-B389-F8FD924748D5} = {61DCC6D7-ECE4-129F-6A42-39B2DD414C68}
		{72D90D98-2977-7949-81F5-CA55A7205F48} = {EC447DCF-ABFA-6E24-52A5-D7FD48A5C558}
		{ED6F7FAA-BA58-4C9A-98F2-EEA92700C31E} = {72D90D98-2977-7949-81F5-CA55A7205F48}
		{46BCE06B-5458-4C5D-800F-BA42C3A49BE7} = {72D90D98-2977-7949-81F5-CA55A7205F48}
		{E220C2D7-EB98-4D0F-88A2-28872C08D678} = {72D90D98-2977-7949-81F5-CA55A7205F48}
		{D514525D-C0F9-4611-91ED-62749D149BF4} = {72D90D98-2977-7949-81F5-CA55A7205F48}
		{654BED33-EB2D-4E46-9ADA-E0B3D190A80D} = {72D90D98-2977-7949-81F5-CA55A7205F48}
		{AA10DEE3-E99C-469E-96D9-DE8EF374C97A} = {0AB3BF05-4346-4AA6-1389-037BE0695223}
		{CF662BAA-7B0B-4226-9182-FC483E2C760B} = {0AB3BF05-4346-4AA6-1389-037BE0695223}
		{CE6D5997-2793-4B7B-9EE8-F89C8C3E2BD8} = {0AB3BF05-4346-4AA6-1389-037BE0695223}
	EndGlobalSection
EndGlobal
